version = 1
revision = 3
requires-python = ">=3.10.0"

[[package]]
name = "black"
version = "26.3.1"
source = { registry = "https://pypi.org/simple" }
dependencies = [
    { name = "click" },
    { name = "mypy-extensions" },
    { name = "packaging" },
    { name = "pathspec" },
    { name = "platformdirs" },
    { name = "pytokens" },
    { name = "tomli", marker = "python_full_version < '3.11'" },
    { name = "typing-extensions", marker = "python_full_version < '3.11'" },
]
sdist = { url = "https://files.pythonhosted.org/packages/e1/c5/61175d618685d42b005847464b8fb4743a67b1b8fdb75e50e5a96c31a27a/black-26.3.1.tar.gz", hash = "sha256:2c50f5063a9641c7eed7795014ba37b0f5fa227f3d408b968936e24bc0566b07", size = 666155, upload-time = "2026-03-12T03:36:03.593Z" }
wheels = [
    { url = "https://files.pythonhosted.org/packages/32/a8/11170031095655d36ebc6664fe0897866f6023892396900eec0e8fdc4299/black-26.3.1-cp310-cp310-macosx_10_9_x86_64.whl", hash = "sha256:86a8b5035fce64f5dcd1b794cf8ec4d31fe458cf6ce3986a30deb434df82a1d2", size = 1866562, upload-time = "2026-03-12T03:39:58.639Z" },
    { url = "https://files.pythonhosted.org/packages/69/ce/9e7548d719c3248c6c2abfd555d11169457cbd584d98d179111338423790/black-26.3.1-cp310-cp310-macosx_11_0_arm64.whl", hash = "sha256:5602bdb96d52d2d0672f24f6ffe5218795736dd34807fd0fd55ccd6bf206168b", size = 1703623, upload-time = "2026-03-12T03:40:00.347Z" },
    { url = "https://files.pythonhosted.org/packages/7f/0a/8d17d1a9c06f88d3d030d0b1d4373c1551146e252afe4547ed601c0e697f/black-26.3.1-cp310-cp310-manylinux2014_x86_64.manylinux_2_17_x86_64.manylinux_2_28_x86_64.whl", hash = "sha256:6c54a4a82e291a1fee5137371ab488866b7c86a3305af4026bdd4dc78642e1ac", size = 1768388, upload-time = "2026-03-12T03:40:01.765Z" },
    { url = "https://files.pythonhosted.org/packages/52/79/c1ee726e221c863cde5164f925bacf183dfdf0397d4e3f94889439b947b4/black-26.3.1-cp310-cp310-win_amd64.whl", hash = "sha256:6e131579c243c98f35bce64a7e08e87fb2d610544754675d4a0e73a070a5aa3a", size = 1412969, upload-time = "2026-03-12T03:40:03.252Z" },
    { url = "https://files.pythonhosted.org/packages/73/a5/15c01d613f5756f68ed8f6d4ec0a1e24b82b18889fa71affd3d1f7fad058/black-26.3.1-cp310-cp310-win_arm64.whl", hash = "sha256:5ed0ca58586c8d9a487352a96b15272b7fa55d139fc8496b519e78023a8dab0a", size = 1220345, upload-time = "2026-03-12T03:40:04.892Z" },
    { url = "https://files.pythonhosted.org/packages/17/57/5f11c92861f9c92eb9dddf515530bc2d06db843e44bdcf1c83c1427824bc/black-26.3.1-cp311-cp311-macosx_10_9_x86_64.whl", hash = "sha256:28ef38aee69e4b12fda8dba75e21f9b4f979b490c8ac0baa7cb505369ac9e1ff", size = 1851987, upload-time = "2026-03-12T03:40:06.248Z" },
    { url = "https://files.pythonhosted.org/packages/54/aa/340a1463660bf6831f9e39646bf774086dbd8ca7fc3cded9d59bbdf4ad0a/black-26.3.1-cp311-cp311-macosx_11_0_arm64.whl", hash = "sha256:bf9bf162ed91a26f1adba8efda0b573bc6924ec1408a52cc6f82cb73ec2b142c", size = 1689499, upload-time = "2026-03-12T03:40:07.642Z" },
    { url = "https://files.pythonhosted.org/packages/f3/01/b726c93d717d72733da031d2de10b92c9fa4c8d0c67e8a8a372076579279/black-26.3.1-cp311-cp311-manylinux2014_x86_64.manylinux_2_17_x86_64.manylinux_2_28_x86_64.whl", hash = "sha256:474c27574d6d7037c1bc875a81d9be0a9a4f9ee95e62800dab3cfaadbf75acd5", size = 1754369, upload-time = "2026-03-12T03:40:09.279Z" },
    { url = "https://files.pythonhosted.org/packages/e3/09/61e91881ca291f150cfc9eb7ba19473c2e59df28859a11a88248b5cbbc4d/black-26.3.1-cp311-cp311-win_amd64.whl", hash = "sha256:5e9d0d86df21f2e1677cc4bd090cd0e446278bcbbe49bf3659c308c3e402843e", size = 1413613, upload-time = "2026-03-12T03:40:10.943Z" },
    { url = "https://files.pythonhosted.org/packages/16/73/544f23891b22e7efe4d8f812371ab85b57f6a01b2fc45e3ba2e52ba985b8/black-26.3.1-cp311-cp311-win_arm64.whl", hash = "sha256:9a5e9f45e5d5e1c5b5c29b3bd4265dcc90e8b92cf4534520896ed77f791f4da5", size = 1219719, upload-time = "2026-03-12T03:40:12.597Z" },
    { url = "https://files.pythonhosted.org/packages/dc/f8/da5eae4fc75e78e6dceb60624e1b9662ab00d6b452996046dfa9b8a6025b/black-26.3.1-cp312-cp312-macosx_10_13_x86_64.whl", hash = "sha256:b5e6f89631eb88a7302d416594a32faeee9fb8fb848290da9d0a5f2903519fc1", size = 1895920, upload-time = "2026-03-12T03:40:13.921Z" },
    { url = "https://files.pythonhosted.org/packages/2c/9f/04e6f26534da2e1629b2b48255c264cabf5eedc5141d04516d9d68a24111/black-26.3.1-cp312-cp312-macosx_11_0_arm64.whl", hash = "sha256:41cd2012d35b47d589cb8a16faf8a32ef7a336f56356babd9fcf70939ad1897f", size = 1718499, upload-time = "2026-03-12T03:40:15.239Z" },
    { url = "https://files.pythonhosted.org/packages/04/91/a5935b2a63e31b331060c4a9fdb5a6c725840858c599032a6f3aac94055f/black-26.3.1-cp312-cp312-manylinux2014_x86_64.manylinux_2_17_x86_64.manylinux_2_28_x86_64.whl", hash = "sha256:0f76ff19ec5297dd8e66eb64deda23631e642c9393ab592826fd4bdc97a4bce7", size = 1794994, upload-time = "2026-03-12T03:40:17.124Z" },
    { url = "https://files.pythonhosted.org/packages/e7/0a/86e462cdd311a3c2a8ece708d22aba17d0b2a0d5348ca34b40cdcbea512e/black-26.3.1-cp312-cp312-win_amd64.whl", hash = "sha256:ddb113db38838eb9f043623ba274cfaf7d51d5b0c22ecb30afe58b1bb8322983", size = 1420867, upload-time = "2026-03-12T03:40:18.83Z" },
    { url = "https://files.pythonhosted.org/packages/5b/e5/22515a19cb7eaee3440325a6b0d95d2c0e88dd180cb011b12ae488e031d1/black-26.3.1-cp312-cp312-win_arm64.whl", hash = "sha256:dfdd51fc3e64ea4f35873d1b3fb25326773d55d2329ff8449139ebaad7357efb", size = 1230124, upload-time = "2026-03-12T03:40:20.425Z" },
    { url = "https://files.pythonhosted.org/packages/f5/77/5728052a3c0450c53d9bb3945c4c46b91baa62b2cafab6801411b6271e45/black-26.3.1-cp313-cp313-macosx_10_13_x86_64.whl", hash = "sha256:855822d90f884905362f602880ed8b5df1b7e3ee7d0db2502d4388a954cc8c54", size = 1895034, upload-time = "2026-03-12T03:40:21.813Z" },
    { url = "https://files.pythonhosted.org/packages/52/73/7cae55fdfdfbe9d19e9a8d25d145018965fe2079fa908101c3733b0c55a0/black-26.3.1-cp313-cp313-macosx_11_0_arm64.whl", hash = "sha256:8a33d657f3276328ce00e4d37fe70361e1ec7614da5d7b6e78de5426cb56332f", size = 1718503, upload-time = "2026-03-12T03:40:23.666Z" },
    { url = "https://files.pythonhosted.org/packages/e1/87/af89ad449e8254fdbc74654e6467e3c9381b61472cc532ee350d28cfdafb/black-26.3.1-cp313-cp313-manylinux2014_x86_64.manylinux_2_17_x86_64.manylinux_2_28_x86_64.whl", hash = "sha256:f1cd08e99d2f9317292a311dfe578fd2a24b15dbce97792f9c4d752275c1fa56", size = 1793557, upload-time = "2026-03-12T03:40:25.497Z" },
    { url = "https://files.pythonhosted.org/packages/43/10/d6c06a791d8124b843bf325ab4ac7d2f5b98731dff84d6064eafd687ded1/black-26.3.1-cp313-cp313-win_amd64.whl", hash = "sha256:c7e72339f841b5a237ff14f7d3880ddd0fc7f98a1199e8c4327f9a4f478c1839", size = 1422766, upload-time = "2026-03-12T03:40:27.14Z" },
    { url = "https://files.pythonhosted.org/packages/59/4f/40a582c015f2d841ac24fed6390bd68f0fc896069ff3a886317959c9daf8/black-26.3.1-cp313-cp313-win_arm64.whl", hash = "sha256:afc622538b430aa4c8c853f7f63bc582b3b8030fd8c80b70fb5fa5b834e575c2", size = 1232140, upload-time = "2026-03-12T03:40:28.882Z" },
    { url = "https://files.pythonhosted.org/packages/d5/da/e36e27c9cebc1311b7579210df6f1c86e50f2d7143ae4fcf8a5017dc8809/black-26.3.1-cp314-cp314-macosx_10_15_x86_64.whl", hash = "sha256:2d6bfaf7fd0993b420bed691f20f9492d53ce9a2bcccea4b797d34e947318a78", size = 1889234, upload-time = "2026-03-12T03:40:30.964Z" },
    { url = "https://files.pythonhosted.org/packages/0e/7b/9871acf393f64a5fa33668c19350ca87177b181f44bb3d0c33b2d534f22c/black-26.3.1-cp314-cp314-macosx_11_0_arm64.whl", hash = "sha256:f89f2ab047c76a9c03f78d0d66ca519e389519902fa27e7a91117ef7611c0568", size = 1720522, upload-time = "2026-03-12T03:40:32.346Z" },
    { url = "https://files.pythonhosted.org/packages/03/87/e766c7f2e90c07fb7586cc787c9ae6462b1eedab390191f2b7fc7f6170a9/black-26.3.1-cp314-cp314-manylinux2014_x86_64.manylinux_2_17_x86_64.manylinux_2_28_x86_64.whl", hash = "sha256:b07fc0dab849d24a80a29cfab8d8a19187d1c4685d8a5e6385a5ce323c1f015f", size = 1787824, upload-time = "2026-03-12T03:40:33.636Z" },
    { url = "https://files.pythonhosted.org/packages/ac/94/2424338fb2d1875e9e83eed4c8e9c67f6905ec25afd826a911aea2b02535/black-26.3.1-cp314-cp314-win_amd64.whl", hash = "sha256:0126ae5b7c09957da2bdbd91a9ba1207453feada9e9fe51992848658c6c8e01c", size = 1445855, upload-time = "2026-03-12T03:40:35.442Z" },
    { url = "https://files.pythonhosted.org/packages/86/43/0c3338bd928afb8ee7471f1a4eec3bdbe2245ccb4a646092a222e8669840/black-26.3.1-cp314-cp314-win_arm64.whl", hash = "sha256:92c0ec1f2cc149551a2b7b47efc32c866406b6891b0ee4625e95967c8f4acfb1", size = 1258109, upload-time = "2026-03-12T03:40:36.832Z" },
    { url = "https://files.pythonhosted.org/packages/8e/0d/52d98722666d6fc6c3dd4c76df339501d6efd40e0ff95e6186a7b7f0befd/black-26.3.1-py3-none-any.whl", hash = "sha256:2bd5aa94fc267d38bb21a70d7410a89f1a1d318841855f698746f8e7f51acd1b", size = 207542, upload-time = "2026-03-12T03:36:01.668Z" },
]

[[package]]
name = "click"
version = "8.1.8"
source = { registry = "https://pypi.org/simple" }
dependencies = [
    { name = "colorama", marker = "sys_platform == 'win32'" },
]
sdist = { url = "https://files.pythonhosted.org/packages/b9/2e/0090cbf739cee7d23781ad4b89a9894a41538e4fcf4c31dcdd705b78eb8b/click-8.1.8.tar.gz", hash = "sha256:ed53c9d8990d83c2a27deae68e4ee337473f6330c040a31d4225c9574d16096a", size = 226593, upload-time = "2024-12-21T18:38:44.339Z" }
wheels = [
    { url = "https://files.pythonhosted.org/packages/7e/d4/7ebdbd03970677812aac39c869717059dbb71a4cfc033ca6e5221787892c/click-8.1.8-py3-none-any.whl", hash = "sha256:63c132bbbed01578a06712a2d1f497bb62d9c1c0d329b7903a866228027263b2", size = 98188, upload-time = "2024-12-21T18:38:41.666Z" },
]

[[package]]
name = "colorama"
version = "0.4.6"
source = { registry = "https://pypi.org/simple" }
sdist = { url = "https://files.pythonhosted.org/packages/d8/53/6f443c9a4a8358a93a6792e2acffb9d9d5cb0a5cfd8802644b7b1c9a02e4/colorama-0.4.6.tar.gz", hash = "sha256:08695f5cb7ed6e0531a20572697297273c47b8cae5a63ffc6d6ed5c201be6e44", size = 27697, upload-time = "2022-10-25T02:36:22.414Z" }
wheels = [
    { url = "https://files.pythonhosted.org/packages/d1/d6/3965ed04c63042e047cb6a3e6ed1a63a35087b6a609aa3a15ed8ac56c221/colorama-0.4.6-py2.py3-none-any.whl", hash = "sha256:4f1d9991f5acc0ca119f9d443620b77f9d6b33703e51011c16baf57afb285fc6", size = 25335, upload-time = "2022-10-25T02:36:20.889Z" },
]

[[package]]
name = "example-isort-formatting-plugin"
version = "0.1.1"
source = { editable = "." }
dependencies = [
    { name = "black" },
    { name = "isort" },
]

[package.metadata]
requires-dist = [
    { name = "black", specifier = ">=26.3.1" },
    { name = "isort", specifier = ">=5.13.2" },
]

[[package]]
name = "isort"
version = "5.13.2"
source = { registry = "https://pypi.org/simple" }
sdist = { url = "https://files.pythonhosted.org/packages/87/f9/c1eb8635a24e87ade2efce21e3ce8cd6b8630bb685ddc9cdaca1349b2eb5/isort-5.13.2.tar.gz", hash = "sha256:48fdfcb9face5d58a4f6dde2e72a1fb8dcaf8ab26f95ab49fab84c2ddefb0109", size = 175303, upload-time = "2023-12-13T20:37:26.124Z" }
wheels = [
    { url = "https://files.pythonhosted.org/packages/d1/b3/8def84f539e7d2289a02f0524b944b15d7c75dab7628bedf1c4f0992029c/isort-5.13.2-py3-none-any.whl", hash = "sha256:8ca5e72a8d85860d5a3fa69b8745237f2939afe12dbf656afbcb47fe72d947a6", size = 92310, upload-time = "2023-12-13T20:37:23.244Z" },
]

[[package]]
name = "mypy-extensions"
version = "1.0.0"
source = { registry = "https://pypi.org/simple" }
sdist = { url = "https://files.pythonhosted.org/packages/98/a4/1ab47638b92648243faf97a5aeb6ea83059cc3624972ab6b8d2316078d3f/mypy_extensions-1.0.0.tar.gz", hash = "sha256:75dbf8955dc00442a438fc4d0666508a9a97b6bd41aa2f0ffe9d2f2725af0782", size = 4433, upload-time = "2023-02-04T12:11:27.157Z" }
wheels = [
    { url = "https://files.pythonhosted.org/packages/2a/e2/5d3f6ada4297caebe1a2add3b126fe800c96f56dbe5d1988a2cbe0b267aa/mypy_extensions-1.0.0-py3-none-any.whl", hash = "sha256:4392f6c0eb8a5668a69e23d168ffa70f0be9ccfd32b5cc2d26a34ae5b844552d", size = 4695, upload-time = "2023-02-04T12:11:25.002Z" },
]

[[package]]
name = "packaging"
version = "24.2"
source = { registry = "https://pypi.org/simple" }
sdist = { url = "https://files.pythonhosted.org/packages/d0/63/68dbb6eb2de9cb10ee4c9c14a0148804425e13c4fb20d61cce69f53106da/packaging-24.2.tar.gz", hash = "sha256:c228a6dc5e932d346bc5739379109d49e8853dd8223571c7c5b55260edc0b97f", size = 163950, upload-time = "2024-11-08T09:47:47.202Z" }
wheels = [
    { url = "https://files.pythonhosted.org/packages/88/ef/eb23f262cca3c0c4eb7ab1933c3b1f03d021f2c48f54763065b6f0e321be/packaging-24.2-py3-none-any.whl", hash = "sha256:09abb1bccd265c01f4a3aa3f7a7db064b36514d2cba19a2f694fe6150451a759", size = 65451, upload-time = "2024-11-08T09:47:44.722Z" },
]

[[package]]
name = "pathspec"
version = "1.0.4"
source = { registry = "https://pypi.org/simple" }
sdist = { url = "https://files.pythonhosted.org/packages/fa/36/e27608899f9b8d4dff0617b2d9ab17ca5608956ca44461ac14ac48b44015/pathspec-1.0.4.tar.gz", hash = "sha256:0210e2ae8a21a9137c0d470578cb0e595af87edaa6ebf12ff176f14a02e0e645", size = 131200, upload-time = "2026-01-27T03:59:46.938Z" }
wheels = [
    { url = "https://files.pythonhosted.org/packages/ef/3c/2c197d226f9ea224a9ab8d197933f9da0ae0aac5b6e0f884e2b8d9c8e9f7/pathspec-1.0.4-py3-none-any.whl", hash = "sha256:fb6ae2fd4e7c921a165808a552060e722767cfa526f99ca5156ed2ce45a5c723", size = 55206, upload-time = "2026-01-27T03:59:45.137Z" },
]

[[package]]
name = "platformdirs"
version = "4.3.6"
source = { registry = "https://pypi.org/simple" }
sdist = { url = "https://files.pythonhosted.org/packages/13/fc/128cc9cb8f03208bdbf93d3aa862e16d376844a14f9a0ce5cf4507372de4/platformdirs-4.3.6.tar.gz", hash = "sha256:357fb2acbc885b0419afd3ce3ed34564c13c9b95c89360cd9563f73aa5e2b907", size = 21302, upload-time = "2024-09-17T19:06:50.688Z" }
wheels = [
    { url = "https://files.pythonhosted.org/packages/3c/a6/bc1012356d8ece4d66dd75c4b9fc6c1f6650ddd5991e421177d9f8f671be/platformdirs-4.3.6-py3-none-any.whl", hash = "sha256:73e575e1408ab8103900836b97580d5307456908a03e92031bab39e4554cc3fb", size = 18439, upload-time = "2024-09-17T19:06:49.212Z" },
]

[[package]]
name = "pytokens"
version = "0.4.1"
source = { registry = "https://pypi.org/simple" }
sdist = { url = "https://files.pythonhosted.org/packages/b6/34/b4e015b99031667a7b960f888889c5bd34ef585c85e1cb56a594b92836ac/pytokens-0.4.1.tar.gz", hash = "sha256:292052fe80923aae2260c073f822ceba21f3872ced9a68bb7953b348e561179a", size = 23015, upload-time = "2026-01-30T01:03:45.924Z" }
wheels = [
    { url = "https://files.pythonhosted.org/packages/42/24/f206113e05cb8ef51b3850e7ef88f20da6f4bf932190ceb48bd3da103e10/pytokens-0.4.1-cp310-cp310-macosx_11_0_arm64.whl", hash = "sha256:2a44ed93ea23415c54f3face3b65ef2b844d96aeb3455b8a69b3df6beab6acc5", size = 161522, upload-time = "2026-01-30T01:02:50.393Z" },
    { url = "https://files.pythonhosted.org/packages/d4/e9/06a6bf1b90c2ed81a9c7d2544232fe5d2891d1cd480e8a1809ca354a8eb2/pytokens-0.4.1-cp310-cp310-manylinux2014_aarch64.manylinux_2_17_aarch64.manylinux_2_28_aarch64.whl", hash = "sha256:add8bf86b71a5d9fb5b89f023a80b791e04fba57960aa790cc6125f7f1d39dfe", size = 246945, upload-time = "2026-01-30T01:02:52.399Z" },
    { url = "https://files.pythonhosted.org/packages/69/66/f6fb1007a4c3d8b682d5d65b7c1fb33257587a5f782647091e3408abe0b8/pytokens-0.4.1-cp310-cp310-manylinux2014_x86_64.manylinux_2_17_x86_64.manylinux_2_28_x86_64.whl", hash = "sha256:670d286910b531c7b7e3c0b453fd8156f250adb140146d234a82219459b9640c", size = 259525, upload-time = "2026-01-30T01:02:53.737Z" },
    { url = "https://files.pythonhosted.org/packages/04/92/086f89b4d622a18418bac74ab5db7f68cf0c21cf7cc92de6c7b919d76c88/pytokens-0.4.1-cp310-cp310-musllinux_1_2_x86_64.whl", hash = "sha256:4e691d7f5186bd2842c14813f79f8884bb03f5995f0575272009982c5ac6c0f7", size = 262693, upload-time = "2026-01-30T01:02:54.871Z" },
    { url = "https://files.pythonhosted.org/packages/b4/7b/8b31c347cf94a3f900bdde750b2e9131575a61fdb620d3d3c75832262137/pytokens-0.4.1-cp310-cp310-win_amd64.whl", hash = "sha256:27b83ad28825978742beef057bfe406ad6ed524b2d28c252c5de7b4a6dd48fa2", size = 103567, upload-time = "2026-01-30T01:02:56.414Z" },
    { url = "https://files.pythonhosted.org/packages/3d/92/790ebe03f07b57e53b10884c329b9a1a308648fc083a6d4a39a10a28c8fc/pytokens-0.4.1-cp311-cp311-macosx_11_0_arm64.whl", hash = "sha256:d70e77c55ae8380c91c0c18dea05951482e263982911fc7410b1ffd1dadd3440", size = 160864, upload-time = "2026-01-30T01:02:57.882Z" },
    { url = "https://files.pythonhosted.org/packages/13/25/a4f555281d975bfdd1eba731450e2fe3a95870274da73fb12c40aeae7625/pytokens-0.4.1-cp311-cp311-manylinux2014_aarch64.manylinux_2_17_aarch64.manylinux_2_28_aarch64.whl", hash = "sha256:4a58d057208cb9075c144950d789511220b07636dd2e4708d5645d24de666bdc", size = 248565, upload-time = "2026-01-30T01:02:59.912Z" },
    { url = "https://files.pythonhosted.org/packages/17/50/bc0394b4ad5b1601be22fa43652173d47e4c9efbf0044c62e9a59b747c56/pytokens-0.4.1-cp311-cp311-manylinux2014_x86_64.manylinux_2_17_x86_64.manylinux_2_28_x86_64.whl", hash = "sha256:b49750419d300e2b5a3813cf229d4e5a4c728dae470bcc89867a9ad6f25a722d", size = 260824, upload-time = "2026-01-30T01:03:01.471Z" },
    { url = "https://files.pythonhosted.org/packages/4e/54/3e04f9d92a4be4fc6c80016bc396b923d2a6933ae94b5f557c939c460ee0/pytokens-0.4.1-cp311-cp311-musllinux_1_2_x86_64.whl", hash = "sha256:d9907d61f15bf7261d7e775bd5d7ee4d2930e04424bab1972591918497623a16", size = 264075, upload-time = "2026-01-30T01:03:04.143Z" },
    { url = "https://files.pythonhosted.org/packages/d1/1b/44b0326cb5470a4375f37988aea5d61b5cc52407143303015ebee94abfd6/pytokens-0.4.1-cp311-cp311-win_amd64.whl", hash = "sha256:ee44d0f85b803321710f9239f335aafe16553b39106384cef8e6de40cb4ef2f6", size = 103323, upload-time = "2026-01-30T01:03:05.412Z" },
    { url = "https://files.pythonhosted.org/packages/41/5d/e44573011401fb82e9d51e97f1290ceb377800fb4eed650b96f4753b499c/pytokens-0.4.1-cp312-cp312-macosx_11_0_arm64.whl", hash = "sha256:140709331e846b728475786df8aeb27d24f48cbcf7bcd449f8de75cae7a45083", size = 160663, upload-time = "2026-01-30T01:03:06.473Z" },
    { url = "https://files.pythonhosted.org/packages/f0/e6/5bbc3019f8e6f21d09c41f8b8654536117e5e211a85d89212d59cbdab381/pytokens-0.4.1-cp312-cp312-manylinux2014_aarch64.manylinux_2_17_aarch64.manylinux_2_28_aarch64.whl", hash = "sha256:6d6c4268598f762bc8e91f5dbf2ab2f61f7b95bdc07953b602db879b3c8c18e1", size = 255626, upload-time = "2026-01-30T01:03:08.177Z" },
    { url = "https://files.pythonhosted.org/packages/bf/3c/2d5297d82286f6f3d92770289fd439956b201c0a4fc7e72efb9b2293758e/pytokens-0.4.1-cp312-cp312-manylinux2014_x86_64.manylinux_2_17_x86_64.manylinux_2_28_x86_64.whl", hash = "sha256:24afde1f53d95348b5a0eb19488661147285ca4dd7ed752bbc3e1c6242a304d1", size = 269779, upload-time = "2026-01-30T01:03:09.756Z" },
    { url = "https://files.pythonhosted.org/packages/20/01/7436e9ad693cebda0551203e0bf28f7669976c60ad07d6402098208476de/pytokens-0.4.1-cp312-cp312-musllinux_1_2_x86_64.whl", hash = "sha256:5ad948d085ed6c16413eb5fec6b3e02fa00dc29a2534f088d3302c47eb59adf9", size = 268076, upload-time = "2026-01-30T01:03:10.957Z" },
    { url = "https://files.pythonhosted.org/packages/2e/df/533c82a3c752ba13ae7ef238b7f8cdd272cf1475f03c63ac6cf3fcfb00b6/pytokens-0.4.1-cp312-cp312-win_amd64.whl", hash = "sha256:3f901fe783e06e48e8cbdc82d631fca8f118333798193e026a50ce1b3757ea68", size = 103552, upload-time = "2026-01-30T01:03:12.066Z" },
    { url = "https://files.pythonhosted.org/packages/cb/dc/08b1a080372afda3cceb4f3c0a7ba2bde9d6a5241f1edb02a22a019ee147/pytokens-0.4.1-cp313-cp313-macosx_11_0_arm64.whl", hash = "sha256:8bdb9d0ce90cbf99c525e75a2fa415144fd570a1ba987380190e8b786bc6ef9b", size = 160720, upload-time = "2026-01-30T01:03:13.843Z" },
    { url = "https://files.pythonhosted.org/packages/64/0c/41ea22205da480837a700e395507e6a24425151dfb7ead73343d6e2d7ffe/pytokens-0.4.1-cp313-cp313-manylinux2014_aarch64.manylinux_2_17_aarch64.manylinux_2_28_aarch64.whl", hash = "sha256:5502408cab1cb18e128570f8d598981c68a50d0cbd7c61312a90507cd3a1276f", size = 254204, upload-time = "2026-01-30T01:03:14.886Z" },
    { url = "https://files.pythonhosted.org/packages/e0/d2/afe5c7f8607018beb99971489dbb846508f1b8f351fcefc225fcf4b2adc0/pytokens-0.4.1-cp313-cp313-manylinux2014_x86_64.manylinux_2_17_x86_64.manylinux_2_28_x86_64.whl", hash = "sha256:29d1d8fb1030af4d231789959f21821ab6325e463f0503a61d204343c9b355d1", size = 268423, upload-time = "2026-01-30T01:03:15.936Z" },
    { url = "https://files.pythonhosted.org/packages/68/d4/00ffdbd370410c04e9591da9220a68dc1693ef7499173eb3e30d06e05ed1/pytokens-0.4.1-cp313-cp313-musllinux_1_2_x86_64.whl", hash = "sha256:970b08dd6b86058b6dc07efe9e98414f5102974716232d10f32ff39701e841c4", size = 266859, upload-time = "2026-01-30T01:03:17.458Z" },
    { url = "https://files.pythonhosted.org/packages/a7/c9/c3161313b4ca0c601eeefabd3d3b576edaa9afdefd32da97210700e47652/pytokens-0.4.1-cp313-cp313-win_amd64.whl", hash = "sha256:9bd7d7f544d362576be74f9d5901a22f317efc20046efe2034dced238cbbfe78", size = 103520, upload-time = "2026-01-30T01:03:18.652Z" },
    { url = "https://files.pythonhosted.org/packages/8f/a7/b470f672e6fc5fee0a01d9e75005a0e617e162381974213a945fcd274843/pytokens-0.4.1-cp314-cp314-macosx_11_0_arm64.whl", hash = "sha256:4a14d5f5fc78ce85e426aa159489e2d5961acf0e47575e08f35584009178e321", size = 160821, upload-time = "2026-01-30T01:03:19.684Z" },
    { url = "https://files.pythonhosted.org/packages/80/98/e83a36fe8d170c911f864bfded690d2542bfcfacb9c649d11a9e6eb9dc41/pytokens-0.4.1-cp314-cp314-manylinux2014_aarch64.manylinux_2_17_aarch64.manylinux_2_28_aarch64.whl", hash = "sha256:97f50fd18543be72da51dd505e2ed20d2228c74e0464e4262e4899797803d7fa", size = 254263, upload-time = "2026-01-30T01:03:20.834Z" },
    { url = "https://files.pythonhosted.org/packages/0f/95/70d7041273890f9f97a24234c00b746e8da86df462620194cef1d411ddeb/pytokens-0.4.1-cp314-cp314-manylinux2014_x86_64.manylinux_2_17_x86_64.manylinux_2_28_x86_64.whl", hash = "sha256:dc74c035f9bfca0255c1af77ddd2d6ae8419012805453e4b0e7513e17904545d", size = 268071, upload-time = "2026-01-30T01:03:21.888Z" },
    { url = "https://files.pythonhosted.org/packages/da/79/76e6d09ae19c99404656d7db9c35dfd20f2086f3eb6ecb496b5b31163bad/pytokens-0.4.1-cp314-cp314-musllinux_1_2_x86_64.whl", hash = "sha256:f66a6bbe741bd431f6d741e617e0f39ec7257ca1f89089593479347cc4d13324", size = 271716, upload-time = "2026-01-30T01:03:23.633Z" },
    { url = "https://files.pythonhosted.org/packages/79/37/482e55fa1602e0a7ff012661d8c946bafdc05e480ea5a32f4f7e336d4aa9/pytokens-0.4.1-cp314-cp314-win_amd64.whl", hash = "sha256:b35d7e5ad269804f6697727702da3c517bb8a5228afa450ab0fa787732055fc9", size = 104539, upload-time = "2026-01-30T01:03:24.788Z" },
    { url = "https://files.pythonhosted.org/packages/30/e8/20e7db907c23f3d63b0be3b8a4fd1927f6da2395f5bcc7f72242bb963dfe/pytokens-0.4.1-cp314-cp314t-macosx_11_0_arm64.whl", hash = "sha256:8fcb9ba3709ff77e77f1c7022ff11d13553f3c30299a9fe246a166903e9091eb", size = 168474, upload-time = "2026-01-30T01:03:26.428Z" },
    { url = "https://files.pythonhosted.org/packages/d6/81/88a95ee9fafdd8f5f3452107748fd04c24930d500b9aba9738f3ade642cc/pytokens-0.4.1-cp314-cp314t-manylinux2014_aarch64.manylinux_2_17_aarch64.manylinux_2_28_aarch64.whl", hash = "sha256:79fc6b8699564e1f9b521582c35435f1bd32dd06822322ec44afdeba666d8cb3", size = 290473, upload-time = "2026-01-30T01:03:27.415Z" },
    { url = "https://files.pythonhosted.org/packages/cf/35/3aa899645e29b6375b4aed9f8d21df219e7c958c4c186b465e42ee0a06bf/pytokens-0.4.1-cp314-cp314t-manylinux2014_x86_64.manylinux_2_17_x86_64.manylinux_2_28_x86_64.whl", hash = "sha256:d31b97b3de0f61571a124a00ffe9a81fb9939146c122c11060725bd5aea79975", size = 303485, upload-time = "2026-01-30T01:03:28.558Z" },
    { url = "https://files.pythonhosted.org/packages/52/a0/07907b6ff512674d9b201859f7d212298c44933633c946703a20c25e9d81/pytokens-0.4.1-cp314-cp314t-musllinux_1_2_x86_64.whl", hash = "sha256:967cf6e3fd4adf7de8fc73cd3043754ae79c36475c1c11d514fc72cf5490094a", size = 306698, upload-time = "2026-01-30T01:03:29.653Z" },
    { url = "https://files.pythonhosted.org/packages/39/2a/cbbf9250020a4a8dd53ba83a46c097b69e5eb49dd14e708f496f548c6612/pytokens-0.4.1-cp314-cp314t-win_amd64.whl", hash = "sha256:584c80c24b078eec1e227079d56dc22ff755e0ba8654d8383b2c549107528918", size = 116287, upload-time = "2026-01-30T01:03:30.912Z" },
    { url = "https://files.pythonhosted.org/packages/c6/78/397db326746f0a342855b81216ae1f0a32965deccfd7c830a2dbc66d2483/pytokens-0.4.1-py3-none-any.whl", hash = "sha256:26cef14744a8385f35d0e095dc8b3a7583f6c953c2e3d269c7f82484bf5ad2de", size = 13729, upload-time = "2026-01-30T01:03:45.029Z" },
]

[[package]]
name = "tomli"
version = "2.2.1"
source = { registry = "https://pypi.org/simple" }
sdist = { url = "https://files.pythonhosted.org/packages/18/87/302344fed471e44a87289cf4967697d07e532f2421fdaf868a303cbae4ff/tomli-2.2.1.tar.gz", hash = "sha256:cd45e1dc79c835ce60f7404ec8119f2eb06d38b1deba146f07ced3bbc44505ff", size = 17175, upload-time = "2024-11-27T22:38:36.873Z" }
wheels = [
    { url = "https://files.pythonhosted.org/packages/43/ca/75707e6efa2b37c77dadb324ae7d9571cb424e61ea73fad7c56c2d14527f/tomli-2.2.1-cp311-cp311-macosx_10_9_x86_64.whl", hash = "sha256:678e4fa69e4575eb77d103de3df8a895e1591b48e740211bd1067378c69e8249", size = 131077, upload-time = "2024-11-27T22:37:54.956Z" },
    { url = "https://files.pythonhosted.org/packages/c7/16/51ae563a8615d472fdbffc43a3f3d46588c264ac4f024f63f01283becfbb/tomli-2.2.1-cp311-cp311-macosx_11_0_arm64.whl", hash = "sha256:023aa114dd824ade0100497eb2318602af309e5a55595f76b626d6d9f3b7b0a6", size = 123429, upload-time = "2024-11-27T22:37:56.698Z" },
    { url = "https://files.pythonhosted.org/packages/f1/dd/4f6cd1e7b160041db83c694abc78e100473c15d54620083dbd5aae7b990e/tomli-2.2.1-cp311-cp311-manylinux_2_17_aarch64.manylinux2014_aarch64.whl", hash = "sha256:ece47d672db52ac607a3d9599a9d48dcb2f2f735c6c2d1f34130085bb12b112a", size = 226067, upload-time = "2024-11-27T22:37:57.63Z" },
    { url = "https://files.pythonhosted.org/packages/a9/6b/c54ede5dc70d648cc6361eaf429304b02f2871a345bbdd51e993d6cdf550/tomli-2.2.1-cp311-cp311-manylinux_2_17_x86_64.manylinux2014_x86_64.whl", hash = "sha256:6972ca9c9cc9f0acaa56a8ca1ff51e7af152a9f87fb64623e31d5c83700080ee", size = 236030, upload-time = "2024-11-27T22:37:59.344Z" },
    { url = "https://files.pythonhosted.org/packages/1f/47/999514fa49cfaf7a92c805a86c3c43f4215621855d151b61c602abb38091/tomli-2.2.1-cp311-cp311-manylinux_2_5_i686.manylinux1_i686.manylinux_2_17_i686.manylinux2014_i686.whl", hash = "sha256:c954d2250168d28797dd4e3ac5cf812a406cd5a92674ee4c8f123c889786aa8e", size = 240898, upload-time = "2024-11-27T22:38:00.429Z" },
    { url = "https://files.pythonhosted.org/packages/73/41/0a01279a7ae09ee1573b423318e7934674ce06eb33f50936655071d81a24/tomli-2.2.1-cp311-cp311-musllinux_1_2_aarch64.whl", hash = "sha256:8dd28b3e155b80f4d54beb40a441d366adcfe740969820caf156c019fb5c7ec4", size = 229894, upload-time = "2024-11-27T22:38:02.094Z" },
    { url = "https://files.pythonhosted.org/packages/55/18/5d8bc5b0a0362311ce4d18830a5d28943667599a60d20118074ea1b01bb7/tomli-2.2.1-cp311-cp311-musllinux_1_2_i686.whl", hash = "sha256:e59e304978767a54663af13c07b3d1af22ddee3bb2fb0618ca1593e4f593a106", size = 245319, upload-time = "2024-11-27T22:38:03.206Z" },
    { url = "https://files.pythonhosted.org/packages/92/a3/7ade0576d17f3cdf5ff44d61390d4b3febb8a9fc2b480c75c47ea048c646/tomli-2.2.1-cp311-cp311-musllinux_1_2_x86_64.whl", hash = "sha256:33580bccab0338d00994d7f16f4c4ec25b776af3ffaac1ed74e0b3fc95e885a8", size = 238273, upload-time = "2024-11-27T22:38:04.217Z" },
    { url = "https://files.pythonhosted.org/packages/72/6f/fa64ef058ac1446a1e51110c375339b3ec6be245af9d14c87c4a6412dd32/tomli-2.2.1-cp311-cp311-win32.whl", hash = "sha256:465af0e0875402f1d226519c9904f37254b3045fc5084697cefb9bdde1ff99ff", size = 98310, upload-time = "2024-11-27T22:38:05.908Z" },
    { url = "https://files.pythonhosted.org/packages/6a/1c/4a2dcde4a51b81be3530565e92eda625d94dafb46dbeb15069df4caffc34/tomli-2.2.1-cp311-cp311-win_amd64.whl", hash = "sha256:2d0f2fdd22b02c6d81637a3c95f8cd77f995846af7414c5c4b8d0545afa1bc4b", size = 108309, upload-time = "2024-11-27T22:38:06.812Z" },
    { url = "https://files.pythonhosted.org/packages/52/e1/f8af4c2fcde17500422858155aeb0d7e93477a0d59a98e56cbfe75070fd0/tomli-2.2.1-cp312-cp312-macosx_10_13_x86_64.whl", hash = "sha256:4a8f6e44de52d5e6c657c9fe83b562f5f4256d8ebbfe4ff922c495620a7f6cea", size = 132762, upload-time = "2024-11-27T22:38:07.731Z" },
    { url = "https://files.pythonhosted.org/packages/03/b8/152c68bb84fc00396b83e7bbddd5ec0bd3dd409db4195e2a9b3e398ad2e3/tomli-2.2.1-cp312-cp312-macosx_11_0_arm64.whl", hash = "sha256:8d57ca8095a641b8237d5b079147646153d22552f1c637fd3ba7f4b0b29167a8", size = 123453, upload-time = "2024-11-27T22:38:09.384Z" },
    { url = "https://files.pythonhosted.org/packages/c8/d6/fc9267af9166f79ac528ff7e8c55c8181ded34eb4b0e93daa767b8841573/tomli-2.2.1-cp312-cp312-manylinux_2_17_aarch64.manylinux2014_aarch64.whl", hash = "sha256:4e340144ad7ae1533cb897d406382b4b6fede8890a03738ff1683af800d54192", size = 233486, upload-time = "2024-11-27T22:38:10.329Z" },
    { url = "https://files.pythonhosted.org/packages/5c/51/51c3f2884d7bab89af25f678447ea7d297b53b5a3b5730a7cb2ef6069f07/tomli-2.2.1-cp312-cp312-manylinux_2_17_x86_64.manylinux2014_x86_64.whl", hash = "sha256:db2b95f9de79181805df90bedc5a5ab4c165e6ec3fe99f970d0e302f384ad222", size = 242349, upload-time = "2024-11-27T22:38:11.443Z" },
    { url = "https://files.pythonhosted.org/packages/ab/df/bfa89627d13a5cc22402e441e8a931ef2108403db390ff3345c05253935e/tomli-2.2.1-cp312-cp312-manylinux_2_5_i686.manylinux1_i686.manylinux_2_17_i686.manylinux2014_i686.whl", hash = "sha256:40741994320b232529c802f8bc86da4e1aa9f413db394617b9a256ae0f9a7f77", size = 252159, upload-time = "2024-11-27T22:38:13.099Z" },
    { url = "https://files.pythonhosted.org/packages/9e/6e/fa2b916dced65763a5168c6ccb91066f7639bdc88b48adda990db10c8c0b/tomli-2.2.1-cp312-cp312-musllinux_1_2_aarch64.whl", hash = "sha256:400e720fe168c0f8521520190686ef8ef033fb19fc493da09779e592861b78c6", size = 237243, upload-time = "2024-11-27T22:38:14.766Z" },
    { url = "https://files.pythonhosted.org/packages/b4/04/885d3b1f650e1153cbb93a6a9782c58a972b94ea4483ae4ac5cedd5e4a09/tomli-2.2.1-cp312-cp312-musllinux_1_2_i686.whl", hash = "sha256:02abe224de6ae62c19f090f68da4e27b10af2b93213d36cf44e6e1c5abd19fdd", size = 259645, upload-time = "2024-11-27T22:38:15.843Z" },
    { url = "https://files.pythonhosted.org/packages/9c/de/6b432d66e986e501586da298e28ebeefd3edc2c780f3ad73d22566034239/tomli-2.2.1-cp312-cp312-musllinux_1_2_x86_64.whl", hash = "sha256:b82ebccc8c8a36f2094e969560a1b836758481f3dc360ce9a3277c65f374285e", size = 244584, upload-time = "2024-11-27T22:38:17.645Z" },
    { url = "https://files.pythonhosted.org/packages/1c/9a/47c0449b98e6e7d1be6cbac02f93dd79003234ddc4aaab6ba07a9a7482e2/tomli-2.2.1-cp312-cp312-win32.whl", hash = "sha256:889f80ef92701b9dbb224e49ec87c645ce5df3fa2cc548664eb8a25e03127a98", size = 98875, upload-time = "2024-11-27T22:38:19.159Z" },
    { url = "https://files.pythonhosted.org/packages/ef/60/9b9638f081c6f1261e2688bd487625cd1e660d0a85bd469e91d8db969734/tomli-2.2.1-cp312-cp312-win_amd64.whl", hash = "sha256:7fc04e92e1d624a4a63c76474610238576942d6b8950a2d7f908a340494e67e4", size = 109418, upload-time = "2024-11-27T22:38:20.064Z" },
    { url = "https://files.pythonhosted.org/packages/04/90/2ee5f2e0362cb8a0b6499dc44f4d7d48f8fff06d28ba46e6f1eaa61a1388/tomli-2.2.1-cp313-cp313-macosx_10_13_x86_64.whl", hash = "sha256:f4039b9cbc3048b2416cc57ab3bda989a6fcf9b36cf8937f01a6e731b64f80d7", size = 132708, upload-time = "2024-11-27T22:38:21.659Z" },
    { url = "https://files.pythonhosted.org/packages/c0/ec/46b4108816de6b385141f082ba99e315501ccd0a2ea23db4a100dd3990ea/tomli-2.2.1-cp313-cp313-macosx_11_0_arm64.whl", hash = "sha256:286f0ca2ffeeb5b9bd4fcc8d6c330534323ec51b2f52da063b11c502da16f30c", size = 123582, upload-time = "2024-11-27T22:38:22.693Z" },
    { url = "https://files.pythonhosted.org/packages/a0/bd/b470466d0137b37b68d24556c38a0cc819e8febe392d5b199dcd7f578365/tomli-2.2.1-cp313-cp313-manylinux_2_17_aarch64.manylinux2014_aarch64.whl", hash = "sha256:a92ef1a44547e894e2a17d24e7557a5e85a9e1d0048b0b5e7541f76c5032cb13", size = 232543, upload-time = "2024-11-27T22:38:24.367Z" },
    { url = "https://files.pythonhosted.org/packages/d9/e5/82e80ff3b751373f7cead2815bcbe2d51c895b3c990686741a8e56ec42ab/tomli-2.2.1-cp313-cp313-manylinux_2_17_x86_64.manylinux2014_x86_64.whl", hash = "sha256:9316dc65bed1684c9a98ee68759ceaed29d229e985297003e494aa825ebb0281", size = 241691, upload-time = "2024-11-27T22:38:26.081Z" },
    { url = "https://files.pythonhosted.org/packages/05/7e/2a110bc2713557d6a1bfb06af23dd01e7dde52b6ee7dadc589868f9abfac/tomli-2.2.1-cp313-cp313-manylinux_2_5_i686.manylinux1_i686.manylinux_2_17_i686.manylinux2014_i686.whl", hash = "sha256:e85e99945e688e32d5a35c1ff38ed0b3f41f43fad8df0bdf79f72b2ba7bc5272", size = 251170, upload-time = "2024-11-27T22:38:27.921Z" },
    { url = "https://files.pythonhosted.org/packages/64/7b/22d713946efe00e0adbcdfd6d1aa119ae03fd0b60ebed51ebb3fa9f5a2e5/tomli-2.2.1-cp313-cp313-musllinux_1_2_aarch64.whl", hash = "sha256:ac065718db92ca818f8d6141b5f66369833d4a80a9d74435a268c52bdfa73140", size = 236530, upload-time = "2024-11-27T22:38:29.591Z" },
    { url = "https://files.pythonhosted.org/packages/38/31/3a76f67da4b0cf37b742ca76beaf819dca0ebef26d78fc794a576e08accf/tomli-2.2.1-cp313-cp313-musllinux_1_2_i686.whl", hash = "sha256:d920f33822747519673ee656a4b6ac33e382eca9d331c87770faa3eef562aeb2", size = 258666, upload-time = "2024-11-27T22:38:30.639Z" },
    { url = "https://files.pythonhosted.org/packages/07/10/5af1293da642aded87e8a988753945d0cf7e00a9452d3911dd3bb354c9e2/tomli-2.2.1-cp313-cp313-musllinux_1_2_x86_64.whl", hash = "sha256:a198f10c4d1b1375d7687bc25294306e551bf1abfa4eace6650070a5c1ae2744", size = 243954, upload-time = "2024-11-27T22:38:31.702Z" },
    { url = "https://files.pythonhosted.org/packages/5b/b9/1ed31d167be802da0fc95020d04cd27b7d7065cc6fbefdd2f9186f60d7bd/tomli-2.2.1-cp313-cp313-win32.whl", hash = "sha256:d3f5614314d758649ab2ab3a62d4f2004c825922f9e370b29416484086b264ec", size = 98724, upload-time = "2024-11-27T22:38:32.837Z" },
    { url = "https://files.pythonhosted.org/packages/c7/32/b0963458706accd9afcfeb867c0f9175a741bf7b19cd424230714d722198/tomli-2.2.1-cp313-cp313-win_amd64.whl", hash = "sha256:a38aa0308e754b0e3c67e344754dff64999ff9b513e691d0e786265c93583c69", size = 109383, upload-time = "2024-11-27T22:38:34.455Z" },
    { url = "https://files.pythonhosted.org/packages/6e/c2/61d3e0f47e2b74ef40a68b9e6ad5984f6241a942f7cd3bbfbdbd03861ea9/tomli-2.2.1-py3-none-any.whl", hash = "sha256:cb55c73c5f4408779d0cf3eef9f762b9c9f147a77de7b258bef0a5628adc85cc", size = 14257, upload-time = "2024-11-27T22:38:35.385Z" },
]

[[package]]
name = "typing-extensions"
version = "4.12.2"
source = { registry = "https://pypi.org/simple" }
sdist = { url = "https://files.pythonhosted.org/packages/df/db/f35a00659bc03fec321ba8bce9420de607a1d37f8342eee1863174c69557/typing_extensions-4.12.2.tar.gz", hash = "sha256:1a7ead55c7e559dd4dee8856e3a88b41225abfe1ce8df57b7c13915fe121ffb8", size = 85321, upload-time = "2024-06-07T18:52:15.995Z" }
wheels = [
    { url = "https://files.pythonhosted.org/packages/26/9f/ad63fc0248c5379346306f8668cda6e2e2e9c95e01216d2b8ffd9ff037d0/typing_extensions-4.12.2-py3-none-any.whl", hash = "sha256:04e5ca0351e0f3f85c6853954072df659d0d13fac324d0072316b67d7794700d", size = 37438, upload-time = "2024-06-07T18:52:13.582Z" },
]
