[[package]]
name = "natsort"
version = "8.0.2"
description = "Simple yet flexible natural sorting in Python."
category = "main"
optional = false
python-versions = ">=3.6"

[package.extras]
fast = ["fastnumbers (>=2.0.0)"]
icu = ["PyICU (>=1.0.0)"]

[metadata]
lock-version = "1.1"
python-versions = "^3.6"
content-hash = "6d13ed469bb0aff3de6db8f83d97c8fe3bbbc01fba2064bb4da5804f390a5667"

[metadata.files]
natsort = [
    {file = "natsort-8.0.2-py3-none-any.whl", hash = "sha256:09cff3cabb617f9794f643758ab5b337c1c0af1a6df11edf5c04de496fd7fb26"},
    {file = "natsort-8.0.2.tar.gz", hash = "sha256:feb87e0ce1dc1f8f3f21e18a85216c790e746d76a5ff6889563394605f504a2b"},
]
