# This file is automatically @generated by Poetry and should not be changed by hand.

[[package]]
name = "natsort"
version = "8.2.0"
description = "Simple yet flexible natural sorting in Python."
category = "main"
optional = false
python-versions = ">=3.6"
files = [
    {file = "natsort-8.2.0-py3-none-any.whl", hash = "sha256:04fe18fdd2b9e5957f19f687eb117f102ef8dde6b574764e536e91194bed4f5f"},
    {file = "natsort-8.2.0.tar.gz", hash = "sha256:57f85b72c688b09e053cdac302dd5b5b53df5f73ae20b4874fcbffd8bf783d11"},
]

[package.extras]
fast = ["fastnumbers (>=2.0.0)"]
icu = ["PyICU (>=1.0.0)"]

[metadata]
lock-version = "2.0"
python-versions = ">=3.7"
content-hash = "630ad9e535250245a769f91c18319c5eb359de550ff3780e1072ed22f9e737de"
