version = 1
revision = 3
requires-python = ">=3.10.0"

[[package]]
name = "example-isort-sorting-plugin"
version = "0.1.0"
source = { editable = "." }
dependencies = [
    { name = "natsort" },
]

[package.metadata]
requires-dist = [{ name = "natsort", specifier = ">=7.1.1" }]

[[package]]
name = "natsort"
version = "8.4.0"
source = { registry = "https://pypi.org/simple" }
sdist = { url = "https://files.pythonhosted.org/packages/e2/a9/a0c57aee75f77794adaf35322f8b6404cbd0f89ad45c87197a937764b7d0/natsort-8.4.0.tar.gz", hash = "sha256:45312c4a0e5507593da193dedd04abb1469253b601ecaf63445ad80f0a1ea581", size = 76575, upload-time = "2023-06-20T04:17:19.925Z" }
wheels = [
    { url = "https://files.pythonhosted.org/packages/ef/82/7a9d0550484a62c6da82858ee9419f3dd1ccc9aa1c26a1e43da3ecd20b0d/natsort-8.4.0-py3-none-any.whl", hash = "sha256:4732914fb471f56b5cce04d7bae6f164a592c7712e1c85f9ef585e197299521c", size = 38268, upload-time = "2023-06-20T04:17:17.522Z" },
]
